
Microsoft Visual Studio Solution File, Format Version 12.00
# Visual Studio Version 17
VisualStudioVersion = 17.2.32616.157
MinimumVisualStudioVersion = 10.0.40219.1
Project("{FAE04EC0-301F-11D3-BF4B-00C04F79EFBC}") = "hjs-encomiendas-servidor", "hjs-encomiendas-servidor\hjs-encomiendas-servidor.csproj", "{29B655EB-F4D5-43DC-B963-70B285C3BF87}"
EndProject
Global
	GlobalSection(SolutionConfigurationPlatforms) = preSolution
		Debug|Any CPU = Debug|Any CPU
		Release|Any CPU = Release|Any CPU
	EndGlobalSection
	GlobalSection(ProjectConfigurationPlatforms) = postSolution
		{29B655EB-F4D5-43DC-B963-70B285C3BF87}.Debug|Any CPU.ActiveCfg = Debug|Any CPU
		{29B655EB-F4D5-43DC-B963-70B285C3BF87}.Debug|Any CPU.Build.0 = Debug|Any CPU
		{29B655EB-F4D5-43DC-B963-70B285C3BF87}.Release|Any CPU.ActiveCfg = Release|Any CPU
		{29B655EB-F4D5-43DC-B963-70B285C3BF87}.Release|Any CPU.Build.0 = Release|Any CPU
	EndGlobalSection
	GlobalSection(SolutionProperties) = preSolution
		HideSolutionNode = FALSE
	EndGlobalSection
	GlobalSection(ExtensibilityGlobals) = postSolution
		SolutionGuid = {CE0FDB49-F5B6-4417-95BE-3812F2B3A218}
	EndGlobalSection
EndGlobal
